
Microsoft Visual Studio Solution File, Format Version 12.00
# Visual Studio Version 17
VisualStudioVersion = 17.0.31919.166
MinimumVisualStudioVersion = 10.0.40219.1
Project("{2150E333-8FDC-42A3-9474-1A3956D46DE8}") = "Testing", "Testing", "{01433CBB-CA04-4B48-A25C-E104737D120C}"
EndProject
Project("{2150E333-8FDC-42A3-9474-1A3956D46DE8}") = "Solution Items", "Solution Items", "{EA7B85C7-B096-417D-A35F-587BA2E8A2C0}"
	ProjectSection(SolutionItems) = preProject
		.editorconfig = .editorconfig
		.gitignore = .gitignore
		README.md = README.md
	EndProjectSection
EndProject
Project("{2150E333-8FDC-42A3-9474-1A3956D46DE8}") = "Templating", "Templating", "{DA5DF4D5-147D-458E-BFF7-4F96BC1ADEA8}"
EndProject
Project("{9A19103F-16F7-4668-BE54-9A1E7A4F7556}") = "Fanzoo.Kernel.Templating", "templates\Fanzoo.Kernel.Templating\Fanzoo.Kernel.Templating.csproj", "{2CD47D02-B1E1-455E-9F8F-AC83CEBAC0C3}"
EndProject
Project("{9A19103F-16F7-4668-BE54-9A1E7A4F7556}") = "Fanzoo.Kernel.Testing.WebAPI.VideoGameCollector", "test\Fanzoo.Kernel.Testing.WebAPI.VideoGameCollector\Fanzoo.Kernel.Testing.WebAPI.VideoGameCollector.csproj", "{8230B238-F89B-499C-8F3C-D0DD8C12F257}"
EndProject
Project("{2150E333-8FDC-42A3-9474-1A3956D46DE8}") = "Refrerence Applications", "Refrerence Applications", "{8D37ABAF-7119-45A1-AD37-F885DCED4A1D}"
EndProject
Project("{9A19103F-16F7-4668-BE54-9A1E7A4F7556}") = "Fanzoo.Kernel.Testing.Integration", "test\Fanzoo.Kernel.Testing.Integration\Fanzoo.Kernel.Testing.Integration.csproj", "{03EAA6AA-0407-49B6-951B-A63C757CD0C3}"
EndProject
Project("{9A19103F-16F7-4668-BE54-9A1E7A4F7556}") = "Fanzoo.Kernel.Testing.Unit", "test\Fanzoo.Kernel.Testing.Unit\Fanzoo.Kernel.Testing.Unit.csproj", "{C8AA6E78-58E0-459A-9919-128E9AE793D9}"
EndProject
Project("{9A19103F-16F7-4668-BE54-9A1E7A4F7556}") = "Fanzoo.Kernel", "src\Fanzoo.Kernel\Fanzoo.Kernel.csproj", "{D17DBE4C-1AD6-4068-AFB9-7CA230ADBB45}"
EndProject
Project("{2150E333-8FDC-42A3-9474-1A3956D46DE8}") = "github", "github", "{725E8FF0-7792-48C0-9D8F-F1877C932371}"
EndProject
Project("{2150E333-8FDC-42A3-9474-1A3956D46DE8}") = "workflows", "workflows", "{D589E6D8-AA28-4089-BCDE-00AA26027F52}"
	ProjectSection(SolutionItems) = preProject
		.github\workflows\kernel-ci.yml = .github\workflows\kernel-ci.yml
		.github\workflows\kernel-nuget.yml = .github\workflows\kernel-nuget.yml
	EndProjectSection
EndProject
Project("{FAE04EC0-301F-11D3-BF4B-00C04F79EFBC}") = "Fanzoo.Kernel.Testing.Web.Razor", "test\Fanzoo.Kernel.Testing.Web.Razor\Fanzoo.Kernel.Testing.Web.Razor.csproj", "{7F8DD414-2DD8-48F2-AAA3-439EB4B0F74F}"
EndProject
Global
	GlobalSection(SolutionConfigurationPlatforms) = preSolution
		Debug|Any CPU = Debug|Any CPU
		Release|Any CPU = Release|Any CPU
	EndGlobalSection
	GlobalSection(ProjectConfigurationPlatforms) = postSolution
		{2CD47D02-B1E1-455E-9F8F-AC83CEBAC0C3}.Debug|Any CPU.ActiveCfg = Debug|Any CPU
		{2CD47D02-B1E1-455E-9F8F-AC83CEBAC0C3}.Debug|Any CPU.Build.0 = Debug|Any CPU
		{2CD47D02-B1E1-455E-9F8F-AC83CEBAC0C3}.Release|Any CPU.ActiveCfg = Release|Any CPU
		{2CD47D02-B1E1-455E-9F8F-AC83CEBAC0C3}.Release|Any CPU.Build.0 = Release|Any CPU
		{8230B238-F89B-499C-8F3C-D0DD8C12F257}.Debug|Any CPU.ActiveCfg = Debug|Any CPU
		{8230B238-F89B-499C-8F3C-D0DD8C12F257}.Debug|Any CPU.Build.0 = Debug|Any CPU
		{8230B238-F89B-499C-8F3C-D0DD8C12F257}.Release|Any CPU.ActiveCfg = Release|Any CPU
		{8230B238-F89B-499C-8F3C-D0DD8C12F257}.Release|Any CPU.Build.0 = Release|Any CPU
		{03EAA6AA-0407-49B6-951B-A63C757CD0C3}.Debug|Any CPU.ActiveCfg = Debug|Any CPU
		{03EAA6AA-0407-49B6-951B-A63C757CD0C3}.Debug|Any CPU.Build.0 = Debug|Any CPU
		{03EAA6AA-0407-49B6-951B-A63C757CD0C3}.Release|Any CPU.ActiveCfg = Release|Any CPU
		{03EAA6AA-0407-49B6-951B-A63C757CD0C3}.Release|Any CPU.Build.0 = Release|Any CPU
		{C8AA6E78-58E0-459A-9919-128E9AE793D9}.Debug|Any CPU.ActiveCfg = Debug|Any CPU
		{C8AA6E78-58E0-459A-9919-128E9AE793D9}.Debug|Any CPU.Build.0 = Debug|Any CPU
		{C8AA6E78-58E0-459A-9919-128E9AE793D9}.Release|Any CPU.ActiveCfg = Release|Any CPU
		{C8AA6E78-58E0-459A-9919-128E9AE793D9}.Release|Any CPU.Build.0 = Release|Any CPU
		{D17DBE4C-1AD6-4068-AFB9-7CA230ADBB45}.Debug|Any CPU.ActiveCfg = Debug|Any CPU
		{D17DBE4C-1AD6-4068-AFB9-7CA230ADBB45}.Debug|Any CPU.Build.0 = Debug|Any CPU
		{D17DBE4C-1AD6-4068-AFB9-7CA230ADBB45}.Release|Any CPU.ActiveCfg = Release|Any CPU
		{D17DBE4C-1AD6-4068-AFB9-7CA230ADBB45}.Release|Any CPU.Build.0 = Release|Any CPU
		{7F8DD414-2DD8-48F2-AAA3-439EB4B0F74F}.Debug|Any CPU.ActiveCfg = Debug|Any CPU
		{7F8DD414-2DD8-48F2-AAA3-439EB4B0F74F}.Debug|Any CPU.Build.0 = Debug|Any CPU
		{7F8DD414-2DD8-48F2-AAA3-439EB4B0F74F}.Release|Any CPU.ActiveCfg = Release|Any CPU
		{7F8DD414-2DD8-48F2-AAA3-439EB4B0F74F}.Release|Any CPU.Build.0 = Release|Any CPU
	EndGlobalSection
	GlobalSection(SolutionProperties) = preSolution
		HideSolutionNode = FALSE
	EndGlobalSection
	GlobalSection(NestedProjects) = preSolution
		{2CD47D02-B1E1-455E-9F8F-AC83CEBAC0C3} = {DA5DF4D5-147D-458E-BFF7-4F96BC1ADEA8}
		{8230B238-F89B-499C-8F3C-D0DD8C12F257} = {8D37ABAF-7119-45A1-AD37-F885DCED4A1D}
		{8D37ABAF-7119-45A1-AD37-F885DCED4A1D} = {01433CBB-CA04-4B48-A25C-E104737D120C}
		{03EAA6AA-0407-49B6-951B-A63C757CD0C3} = {01433CBB-CA04-4B48-A25C-E104737D120C}
		{C8AA6E78-58E0-459A-9919-128E9AE793D9} = {01433CBB-CA04-4B48-A25C-E104737D120C}
		{725E8FF0-7792-48C0-9D8F-F1877C932371} = {EA7B85C7-B096-417D-A35F-587BA2E8A2C0}
		{D589E6D8-AA28-4089-BCDE-00AA26027F52} = {725E8FF0-7792-48C0-9D8F-F1877C932371}
		{7F8DD414-2DD8-48F2-AAA3-439EB4B0F74F} = {8D37ABAF-7119-45A1-AD37-F885DCED4A1D}
	EndGlobalSection
	GlobalSection(ExtensibilityGlobals) = postSolution
		SolutionGuid = {DA21DCB8-F8EE-48DD-9758-8533FDD0839F}
	EndGlobalSection
EndGlobal
