
Microsoft Visual Studio Solution File, Format Version 12.00
# Visual Studio Version 17
VisualStudioVersion = 17.0.31919.166
MinimumVisualStudioVersion = 10.0.40219.1
Project("{9A19103F-16F7-4668-BE54-9A1E7A4F7556}") = "Fanzoo.Kernel.Domain", "Fanzoo.Kernel.Domain\Fanzoo.Kernel.Domain.csproj", "{000F733F-8666-4CA2-B498-D9430117EB64}"
EndProject
Project("{2150E333-8FDC-42A3-9474-1A3956D46DE8}") = "2. Application", "2. Application", "{22E893CA-5F07-4A55-B958-8D6918F68DC6}"
EndProject
Project("{2150E333-8FDC-42A3-9474-1A3956D46DE8}") = "3. Domain", "3. Domain", "{EA708066-B389-43D1-B73F-87CE0DAF406D}"
EndProject
Project("{2150E333-8FDC-42A3-9474-1A3956D46DE8}") = "4. Data", "4. Data", "{6501A87C-6022-49E3-9B24-881324D01596}"
EndProject
Project("{2150E333-8FDC-42A3-9474-1A3956D46DE8}") = "5. Infrastructure", "5. Infrastructure", "{7E154622-C9AC-4DC2-8A22-E499329BD6A9}"
EndProject
Project("{2150E333-8FDC-42A3-9474-1A3956D46DE8}") = "Core", "Core", "{78DCDAEA-194D-4E00-84FD-162DC066DB70}"
EndProject
Project("{2150E333-8FDC-42A3-9474-1A3956D46DE8}") = "Testing", "Testing", "{01433CBB-CA04-4B48-A25C-E104737D120C}"
EndProject
Project("{9A19103F-16F7-4668-BE54-9A1E7A4F7556}") = "Fanzoo.Kernel.Data", "Fanzoo.Kernel.Data\Fanzoo.Kernel.Data.csproj", "{EE6E94A2-6D07-4C61-A432-0D3B64050474}"
EndProject
Project("{9A19103F-16F7-4668-BE54-9A1E7A4F7556}") = "Fanzoo.Kernel.Configuration", "Fanzoo.Kernel.Configuration\Fanzoo.Kernel.Configuration.csproj", "{EFEDF426-9584-428E-97DA-6B9587DA9B40}"
EndProject
Project("{2150E333-8FDC-42A3-9474-1A3956D46DE8}") = "Solution Items", "Solution Items", "{EA7B85C7-B096-417D-A35F-587BA2E8A2C0}"
	ProjectSection(SolutionItems) = preProject
		.editorconfig = .editorconfig
		README.md = README.md
	EndProjectSection
EndProject
Project("{9A19103F-16F7-4668-BE54-9A1E7A4F7556}") = "Fanzoo.Kernel.Common", "Fanzoo.Kernel.Common\Fanzoo.Kernel.Common.csproj", "{A1A2327C-93EB-4D66-A914-AAFA48FB63E8}"
EndProject
Project("{9A19103F-16F7-4668-BE54-9A1E7A4F7556}") = "Fanzoo.Kernel.Data.Migrations", "Fanzoo.Kernel.Data.Migrations\Fanzoo.Kernel.Data.Migrations.csproj", "{CFCEAB9D-68EB-4B49-B3A2-230B58B30A3B}"
EndProject
Project("{9A19103F-16F7-4668-BE54-9A1E7A4F7556}") = "Fanzoo.Kernel.Commands", "Fanzoo.Kernel.Commands\Fanzoo.Kernel.Commands.csproj", "{F2C5778F-2682-4D3C-A164-9E3F42EA8CEB}"
EndProject
Project("{9A19103F-16F7-4668-BE54-9A1E7A4F7556}") = "Fanzoo.Kernel.Events", "Fanzoo.Kernel.Events\Fanzoo.Kernel.Events.csproj", "{F6583A68-BFBD-4CA7-B328-07AE5DFE8827}"
EndProject
Project("{9A19103F-16F7-4668-BE54-9A1E7A4F7556}") = "Fanzoo.Kernel.Queries", "Fanzoo.Kernel.Queries\Fanzoo.Kernel.Queries.csproj", "{EC12DD81-413E-44B8-BC8F-A40717FE0923}"
EndProject
Project("{9A19103F-16F7-4668-BE54-9A1E7A4F7556}") = "Fanzoo.Kernel.Services", "Fanzoo.Kernel.Services\Fanzoo.Kernel.Services.csproj", "{F37F1CCE-883C-47C7-AE01-B0C02A38288D}"
EndProject
Project("{9A19103F-16F7-4668-BE54-9A1E7A4F7556}") = "Fanzoo.Kernel.DependencyInjection", "Fanzoo.Kernel.DependencyInjection\Fanzoo.Kernel.DependencyInjection.csproj", "{9C21611D-D0D4-4FB7-8207-FDCEB07C239A}"
EndProject
Project("{9A19103F-16F7-4668-BE54-9A1E7A4F7556}") = "Fanzoo.Kernel.Events.Integration.Abstractions", "Fanzoo.Kernel.Events.Integration.Abstractions\Fanzoo.Kernel.Events.Integration.Abstractions.csproj", "{D50B98CA-D5CE-464F-B7F2-2C68E39A4C35}"
EndProject
Project("{9A19103F-16F7-4668-BE54-9A1E7A4F7556}") = "Fanzoo.Kernel.Events.Domain.Abstractions", "Fanzoo.Kernel.Events.Domain.Abstractions\Fanzoo.Kernel.Events.Domain.Abstractions.csproj", "{6F5D6426-8C55-4016-B7DE-643CEF531388}"
EndProject
Project("{9A19103F-16F7-4668-BE54-9A1E7A4F7556}") = "Fanzoo.Kernel.Events.Abstractions", "Fanzoo.Kernel.Events.Abstractions\Fanzoo.Kernel.Events.Abstractions.csproj", "{F9EC5E30-D959-4023-9BDB-9836F4DCCF4C}"
EndProject
Project("{2150E333-8FDC-42A3-9474-1A3956D46DE8}") = "Templating", "Templating", "{DA5DF4D5-147D-458E-BFF7-4F96BC1ADEA8}"
EndProject
Project("{9A19103F-16F7-4668-BE54-9A1E7A4F7556}") = "Fanzoo.Kernel.Templating", "Fanzoo.Kernel.Templating\Fanzoo.Kernel.Templating.csproj", "{2CD47D02-B1E1-455E-9F8F-AC83CEBAC0C3}"
EndProject
Project("{9A19103F-16F7-4668-BE54-9A1E7A4F7556}") = "Fanzoo.Kernel.Builder", "Fanzoo.Kernel.Builder\Fanzoo.Kernel.Builder.csproj", "{730A60AE-895A-4CB9-BE2E-2C9BF540CA27}"
EndProject
Project("{9A19103F-16F7-4668-BE54-9A1E7A4F7556}") = "Fanzoo.Kernel.Web", "Fanzoo.Kernel.Web\Fanzoo.Kernel.Web.csproj", "{C430F594-5F1D-48C1-8B75-9C54EDE88B9B}"
EndProject
Project("{9A19103F-16F7-4668-BE54-9A1E7A4F7556}") = "Fanzoo.Kernel.Web.Mvc", "Fanzoo.Kernel.Web.Mvc\Fanzoo.Kernel.Web.Mvc.csproj", "{283642ED-602F-44EA-A572-AA82E8BD19E5}"
EndProject
Project("{9A19103F-16F7-4668-BE54-9A1E7A4F7556}") = "Fanzoo.Kernel.Testing.WebAPI.VideoGameCollector", "Fanzoo.Kernel.Testing.WebAPI.VideoGameCollector\Fanzoo.Kernel.Testing.WebAPI.VideoGameCollector.csproj", "{8230B238-F89B-499C-8F3C-D0DD8C12F257}"
EndProject
Project("{2150E333-8FDC-42A3-9474-1A3956D46DE8}") = "Refrerence Applications", "Refrerence Applications", "{8D37ABAF-7119-45A1-AD37-F885DCED4A1D}"
EndProject
Project("{9A19103F-16F7-4668-BE54-9A1E7A4F7556}") = "Fanzoo.Kernel.Testing.Integration", "Fanzoo.Kernel.Testing.Integration\Fanzoo.Kernel.Testing.Integration.csproj", "{03EAA6AA-0407-49B6-951B-A63C757CD0C3}"
EndProject
Project("{9A19103F-16F7-4668-BE54-9A1E7A4F7556}") = "Fanzoo.Kernel.Testing.Unit", "Fanzoo.Kernel.Testing.Unit\Fanzoo.Kernel.Testing.Unit.csproj", "{C8AA6E78-58E0-459A-9919-128E9AE793D9}"
EndProject
Project("{2150E333-8FDC-42A3-9474-1A3956D46DE8}") = "Third Party", "Third Party", "{0781F836-15AA-45D9-A418-62633AA91B15}"
EndProject
Project("{9A19103F-16F7-4668-BE54-9A1E7A4F7556}") = "Fanzoo.Kernel.SendGrid", "Fanzoo.Kernel.SendGrid\Fanzoo.Kernel.SendGrid.csproj", "{A2097CD2-E293-4C99-A68B-BC644D7DE5DA}"
EndProject
Project("{9A19103F-16F7-4668-BE54-9A1E7A4F7556}") = "Fanzoo.Kernel.Stripe", "Fanzoo.Kernel.Stripe\Fanzoo.Kernel.Stripe.csproj", "{8EFE5EE5-6B38-4B2F-ABD6-0BEB5432E95F}"
EndProject
Global
	GlobalSection(SolutionConfigurationPlatforms) = preSolution
		Debug|Any CPU = Debug|Any CPU
		Release|Any CPU = Release|Any CPU
	EndGlobalSection
	GlobalSection(ProjectConfigurationPlatforms) = postSolution
		{000F733F-8666-4CA2-B498-D9430117EB64}.Debug|Any CPU.ActiveCfg = Debug|Any CPU
		{000F733F-8666-4CA2-B498-D9430117EB64}.Debug|Any CPU.Build.0 = Debug|Any CPU
		{000F733F-8666-4CA2-B498-D9430117EB64}.Release|Any CPU.ActiveCfg = Release|Any CPU
		{000F733F-8666-4CA2-B498-D9430117EB64}.Release|Any CPU.Build.0 = Release|Any CPU
		{EE6E94A2-6D07-4C61-A432-0D3B64050474}.Debug|Any CPU.ActiveCfg = Debug|Any CPU
		{EE6E94A2-6D07-4C61-A432-0D3B64050474}.Debug|Any CPU.Build.0 = Debug|Any CPU
		{EE6E94A2-6D07-4C61-A432-0D3B64050474}.Release|Any CPU.ActiveCfg = Release|Any CPU
		{EE6E94A2-6D07-4C61-A432-0D3B64050474}.Release|Any CPU.Build.0 = Release|Any CPU
		{EFEDF426-9584-428E-97DA-6B9587DA9B40}.Debug|Any CPU.ActiveCfg = Debug|Any CPU
		{EFEDF426-9584-428E-97DA-6B9587DA9B40}.Debug|Any CPU.Build.0 = Debug|Any CPU
		{EFEDF426-9584-428E-97DA-6B9587DA9B40}.Release|Any CPU.ActiveCfg = Release|Any CPU
		{EFEDF426-9584-428E-97DA-6B9587DA9B40}.Release|Any CPU.Build.0 = Release|Any CPU
		{A1A2327C-93EB-4D66-A914-AAFA48FB63E8}.Debug|Any CPU.ActiveCfg = Debug|Any CPU
		{A1A2327C-93EB-4D66-A914-AAFA48FB63E8}.Debug|Any CPU.Build.0 = Debug|Any CPU
		{A1A2327C-93EB-4D66-A914-AAFA48FB63E8}.Release|Any CPU.ActiveCfg = Release|Any CPU
		{A1A2327C-93EB-4D66-A914-AAFA48FB63E8}.Release|Any CPU.Build.0 = Release|Any CPU
		{CFCEAB9D-68EB-4B49-B3A2-230B58B30A3B}.Debug|Any CPU.ActiveCfg = Debug|Any CPU
		{CFCEAB9D-68EB-4B49-B3A2-230B58B30A3B}.Debug|Any CPU.Build.0 = Debug|Any CPU
		{CFCEAB9D-68EB-4B49-B3A2-230B58B30A3B}.Release|Any CPU.ActiveCfg = Release|Any CPU
		{CFCEAB9D-68EB-4B49-B3A2-230B58B30A3B}.Release|Any CPU.Build.0 = Release|Any CPU
		{F2C5778F-2682-4D3C-A164-9E3F42EA8CEB}.Debug|Any CPU.ActiveCfg = Debug|Any CPU
		{F2C5778F-2682-4D3C-A164-9E3F42EA8CEB}.Debug|Any CPU.Build.0 = Debug|Any CPU
		{F2C5778F-2682-4D3C-A164-9E3F42EA8CEB}.Release|Any CPU.ActiveCfg = Release|Any CPU
		{F2C5778F-2682-4D3C-A164-9E3F42EA8CEB}.Release|Any CPU.Build.0 = Release|Any CPU
		{F6583A68-BFBD-4CA7-B328-07AE5DFE8827}.Debug|Any CPU.ActiveCfg = Debug|Any CPU
		{F6583A68-BFBD-4CA7-B328-07AE5DFE8827}.Debug|Any CPU.Build.0 = Debug|Any CPU
		{F6583A68-BFBD-4CA7-B328-07AE5DFE8827}.Release|Any CPU.ActiveCfg = Release|Any CPU
		{F6583A68-BFBD-4CA7-B328-07AE5DFE8827}.Release|Any CPU.Build.0 = Release|Any CPU
		{EC12DD81-413E-44B8-BC8F-A40717FE0923}.Debug|Any CPU.ActiveCfg = Debug|Any CPU
		{EC12DD81-413E-44B8-BC8F-A40717FE0923}.Debug|Any CPU.Build.0 = Debug|Any CPU
		{EC12DD81-413E-44B8-BC8F-A40717FE0923}.Release|Any CPU.ActiveCfg = Release|Any CPU
		{EC12DD81-413E-44B8-BC8F-A40717FE0923}.Release|Any CPU.Build.0 = Release|Any CPU
		{F37F1CCE-883C-47C7-AE01-B0C02A38288D}.Debug|Any CPU.ActiveCfg = Debug|Any CPU
		{F37F1CCE-883C-47C7-AE01-B0C02A38288D}.Debug|Any CPU.Build.0 = Debug|Any CPU
		{F37F1CCE-883C-47C7-AE01-B0C02A38288D}.Release|Any CPU.ActiveCfg = Release|Any CPU
		{F37F1CCE-883C-47C7-AE01-B0C02A38288D}.Release|Any CPU.Build.0 = Release|Any CPU
		{9C21611D-D0D4-4FB7-8207-FDCEB07C239A}.Debug|Any CPU.ActiveCfg = Debug|Any CPU
		{9C21611D-D0D4-4FB7-8207-FDCEB07C239A}.Debug|Any CPU.Build.0 = Debug|Any CPU
		{9C21611D-D0D4-4FB7-8207-FDCEB07C239A}.Release|Any CPU.ActiveCfg = Release|Any CPU
		{9C21611D-D0D4-4FB7-8207-FDCEB07C239A}.Release|Any CPU.Build.0 = Release|Any CPU
		{D50B98CA-D5CE-464F-B7F2-2C68E39A4C35}.Debug|Any CPU.ActiveCfg = Debug|Any CPU
		{D50B98CA-D5CE-464F-B7F2-2C68E39A4C35}.Debug|Any CPU.Build.0 = Debug|Any CPU
		{D50B98CA-D5CE-464F-B7F2-2C68E39A4C35}.Release|Any CPU.ActiveCfg = Release|Any CPU
		{D50B98CA-D5CE-464F-B7F2-2C68E39A4C35}.Release|Any CPU.Build.0 = Release|Any CPU
		{6F5D6426-8C55-4016-B7DE-643CEF531388}.Debug|Any CPU.ActiveCfg = Debug|Any CPU
		{6F5D6426-8C55-4016-B7DE-643CEF531388}.Debug|Any CPU.Build.0 = Debug|Any CPU
		{6F5D6426-8C55-4016-B7DE-643CEF531388}.Release|Any CPU.ActiveCfg = Release|Any CPU
		{6F5D6426-8C55-4016-B7DE-643CEF531388}.Release|Any CPU.Build.0 = Release|Any CPU
		{F9EC5E30-D959-4023-9BDB-9836F4DCCF4C}.Debug|Any CPU.ActiveCfg = Debug|Any CPU
		{F9EC5E30-D959-4023-9BDB-9836F4DCCF4C}.Debug|Any CPU.Build.0 = Debug|Any CPU
		{F9EC5E30-D959-4023-9BDB-9836F4DCCF4C}.Release|Any CPU.ActiveCfg = Release|Any CPU
		{F9EC5E30-D959-4023-9BDB-9836F4DCCF4C}.Release|Any CPU.Build.0 = Release|Any CPU
		{2CD47D02-B1E1-455E-9F8F-AC83CEBAC0C3}.Debug|Any CPU.ActiveCfg = Debug|Any CPU
		{2CD47D02-B1E1-455E-9F8F-AC83CEBAC0C3}.Debug|Any CPU.Build.0 = Debug|Any CPU
		{2CD47D02-B1E1-455E-9F8F-AC83CEBAC0C3}.Release|Any CPU.ActiveCfg = Release|Any CPU
		{2CD47D02-B1E1-455E-9F8F-AC83CEBAC0C3}.Release|Any CPU.Build.0 = Release|Any CPU
		{730A60AE-895A-4CB9-BE2E-2C9BF540CA27}.Debug|Any CPU.ActiveCfg = Debug|Any CPU
		{730A60AE-895A-4CB9-BE2E-2C9BF540CA27}.Debug|Any CPU.Build.0 = Debug|Any CPU
		{730A60AE-895A-4CB9-BE2E-2C9BF540CA27}.Release|Any CPU.ActiveCfg = Release|Any CPU
		{730A60AE-895A-4CB9-BE2E-2C9BF540CA27}.Release|Any CPU.Build.0 = Release|Any CPU
		{C430F594-5F1D-48C1-8B75-9C54EDE88B9B}.Debug|Any CPU.ActiveCfg = Debug|Any CPU
		{C430F594-5F1D-48C1-8B75-9C54EDE88B9B}.Debug|Any CPU.Build.0 = Debug|Any CPU
		{C430F594-5F1D-48C1-8B75-9C54EDE88B9B}.Release|Any CPU.ActiveCfg = Release|Any CPU
		{C430F594-5F1D-48C1-8B75-9C54EDE88B9B}.Release|Any CPU.Build.0 = Release|Any CPU
		{283642ED-602F-44EA-A572-AA82E8BD19E5}.Debug|Any CPU.ActiveCfg = Debug|Any CPU
		{283642ED-602F-44EA-A572-AA82E8BD19E5}.Debug|Any CPU.Build.0 = Debug|Any CPU
		{283642ED-602F-44EA-A572-AA82E8BD19E5}.Release|Any CPU.ActiveCfg = Release|Any CPU
		{283642ED-602F-44EA-A572-AA82E8BD19E5}.Release|Any CPU.Build.0 = Release|Any CPU
		{8230B238-F89B-499C-8F3C-D0DD8C12F257}.Debug|Any CPU.ActiveCfg = Debug|Any CPU
		{8230B238-F89B-499C-8F3C-D0DD8C12F257}.Debug|Any CPU.Build.0 = Debug|Any CPU
		{8230B238-F89B-499C-8F3C-D0DD8C12F257}.Release|Any CPU.ActiveCfg = Release|Any CPU
		{8230B238-F89B-499C-8F3C-D0DD8C12F257}.Release|Any CPU.Build.0 = Release|Any CPU
		{03EAA6AA-0407-49B6-951B-A63C757CD0C3}.Debug|Any CPU.ActiveCfg = Debug|Any CPU
		{03EAA6AA-0407-49B6-951B-A63C757CD0C3}.Debug|Any CPU.Build.0 = Debug|Any CPU
		{03EAA6AA-0407-49B6-951B-A63C757CD0C3}.Release|Any CPU.ActiveCfg = Release|Any CPU
		{03EAA6AA-0407-49B6-951B-A63C757CD0C3}.Release|Any CPU.Build.0 = Release|Any CPU
		{C8AA6E78-58E0-459A-9919-128E9AE793D9}.Debug|Any CPU.ActiveCfg = Debug|Any CPU
		{C8AA6E78-58E0-459A-9919-128E9AE793D9}.Debug|Any CPU.Build.0 = Debug|Any CPU
		{C8AA6E78-58E0-459A-9919-128E9AE793D9}.Release|Any CPU.ActiveCfg = Release|Any CPU
		{C8AA6E78-58E0-459A-9919-128E9AE793D9}.Release|Any CPU.Build.0 = Release|Any CPU
		{A2097CD2-E293-4C99-A68B-BC644D7DE5DA}.Debug|Any CPU.ActiveCfg = Debug|Any CPU
		{A2097CD2-E293-4C99-A68B-BC644D7DE5DA}.Debug|Any CPU.Build.0 = Debug|Any CPU
		{A2097CD2-E293-4C99-A68B-BC644D7DE5DA}.Release|Any CPU.ActiveCfg = Release|Any CPU
		{A2097CD2-E293-4C99-A68B-BC644D7DE5DA}.Release|Any CPU.Build.0 = Release|Any CPU
		{8EFE5EE5-6B38-4B2F-ABD6-0BEB5432E95F}.Debug|Any CPU.ActiveCfg = Debug|Any CPU
		{8EFE5EE5-6B38-4B2F-ABD6-0BEB5432E95F}.Debug|Any CPU.Build.0 = Debug|Any CPU
		{8EFE5EE5-6B38-4B2F-ABD6-0BEB5432E95F}.Release|Any CPU.ActiveCfg = Release|Any CPU
		{8EFE5EE5-6B38-4B2F-ABD6-0BEB5432E95F}.Release|Any CPU.Build.0 = Release|Any CPU
	EndGlobalSection
	GlobalSection(SolutionProperties) = preSolution
		HideSolutionNode = FALSE
	EndGlobalSection
	GlobalSection(NestedProjects) = preSolution
		{000F733F-8666-4CA2-B498-D9430117EB64} = {EA708066-B389-43D1-B73F-87CE0DAF406D}
		{22E893CA-5F07-4A55-B958-8D6918F68DC6} = {78DCDAEA-194D-4E00-84FD-162DC066DB70}
		{EA708066-B389-43D1-B73F-87CE0DAF406D} = {78DCDAEA-194D-4E00-84FD-162DC066DB70}
		{6501A87C-6022-49E3-9B24-881324D01596} = {78DCDAEA-194D-4E00-84FD-162DC066DB70}
		{7E154622-C9AC-4DC2-8A22-E499329BD6A9} = {78DCDAEA-194D-4E00-84FD-162DC066DB70}
		{EE6E94A2-6D07-4C61-A432-0D3B64050474} = {6501A87C-6022-49E3-9B24-881324D01596}
		{EFEDF426-9584-428E-97DA-6B9587DA9B40} = {7E154622-C9AC-4DC2-8A22-E499329BD6A9}
		{A1A2327C-93EB-4D66-A914-AAFA48FB63E8} = {7E154622-C9AC-4DC2-8A22-E499329BD6A9}
		{CFCEAB9D-68EB-4B49-B3A2-230B58B30A3B} = {6501A87C-6022-49E3-9B24-881324D01596}
		{F2C5778F-2682-4D3C-A164-9E3F42EA8CEB} = {22E893CA-5F07-4A55-B958-8D6918F68DC6}
		{F6583A68-BFBD-4CA7-B328-07AE5DFE8827} = {22E893CA-5F07-4A55-B958-8D6918F68DC6}
		{EC12DD81-413E-44B8-BC8F-A40717FE0923} = {22E893CA-5F07-4A55-B958-8D6918F68DC6}
		{F37F1CCE-883C-47C7-AE01-B0C02A38288D} = {7E154622-C9AC-4DC2-8A22-E499329BD6A9}
		{9C21611D-D0D4-4FB7-8207-FDCEB07C239A} = {22E893CA-5F07-4A55-B958-8D6918F68DC6}
		{D50B98CA-D5CE-464F-B7F2-2C68E39A4C35} = {22E893CA-5F07-4A55-B958-8D6918F68DC6}
		{6F5D6426-8C55-4016-B7DE-643CEF531388} = {EA708066-B389-43D1-B73F-87CE0DAF406D}
		{F9EC5E30-D959-4023-9BDB-9836F4DCCF4C} = {22E893CA-5F07-4A55-B958-8D6918F68DC6}
		{2CD47D02-B1E1-455E-9F8F-AC83CEBAC0C3} = {DA5DF4D5-147D-458E-BFF7-4F96BC1ADEA8}
		{730A60AE-895A-4CB9-BE2E-2C9BF540CA27} = {22E893CA-5F07-4A55-B958-8D6918F68DC6}
		{C430F594-5F1D-48C1-8B75-9C54EDE88B9B} = {22E893CA-5F07-4A55-B958-8D6918F68DC6}
		{283642ED-602F-44EA-A572-AA82E8BD19E5} = {22E893CA-5F07-4A55-B958-8D6918F68DC6}
		{8230B238-F89B-499C-8F3C-D0DD8C12F257} = {8D37ABAF-7119-45A1-AD37-F885DCED4A1D}
		{8D37ABAF-7119-45A1-AD37-F885DCED4A1D} = {01433CBB-CA04-4B48-A25C-E104737D120C}
		{03EAA6AA-0407-49B6-951B-A63C757CD0C3} = {01433CBB-CA04-4B48-A25C-E104737D120C}
		{C8AA6E78-58E0-459A-9919-128E9AE793D9} = {01433CBB-CA04-4B48-A25C-E104737D120C}
		{A2097CD2-E293-4C99-A68B-BC644D7DE5DA} = {0781F836-15AA-45D9-A418-62633AA91B15}
		{8EFE5EE5-6B38-4B2F-ABD6-0BEB5432E95F} = {0781F836-15AA-45D9-A418-62633AA91B15}
	EndGlobalSection
	GlobalSection(ExtensibilityGlobals) = postSolution
		SolutionGuid = {DA21DCB8-F8EE-48DD-9758-8533FDD0839F}
	EndGlobalSection
EndGlobal
